{
    "version": 3,
    "terraform_version": "0.11.11",
    "serial": 68,
    "lineage": "10f14ab1-90c7-248b-a59d-aeb29a27b842",
    "modules": [
        {
            "path": [
                "root"
            ],
            "outputs": {},
            "resources": {
                "aws_api_gateway_deployment.apigw_deployment": {
                    "type": "aws_api_gateway_deployment",
                    "depends_on": [
                        "aws_api_gateway_rest_api.apigw",
                        "module.apigw_user_profile",
                        "module.apigw_user_profile_post"
                    ],
                    "primary": {
                        "id": "5nlr5e",
                        "attributes": {
                            "created_date": "2020-04-08T14:23:20Z",
                            "description": "Deploy methods: GET POST",
                            "execution_arn": "arn:aws:execute-api:us-east-1:777573843231:4fz04l8m60/prod",
                            "id": "5nlr5e",
                            "invoke_url": "https://4fz04l8m60.execute-api.us-east-1.amazonaws.com/prod",
                            "rest_api_id": "4fz04l8m60",
                            "stage_name": "prod"
                        },
                        "meta": {},
                        "tainted": false
                    },
                    "deposed": [],
                    "provider": "provider.aws"
                },
                "aws_api_gateway_resource.apigw_prescriptions_resource": {
                    "type": "aws_api_gateway_resource",
                    "depends_on": [
                        "aws_api_gateway_rest_api.apigw"
                    ],
                    "primary": {
                        "id": "cfbzxt",
                        "attributes": {
                            "id": "cfbzxt",
                            "parent_id": "za3frnn2sa",
                            "path": "/prescriptions",
                            "path_part": "prescriptions",
                            "rest_api_id": "4fz04l8m60"
                        },
                        "meta": {},
                        "tainted": false
                    },
                    "deposed": [],
                    "provider": "provider.aws"
                },
                "aws_api_gateway_resource.apigw_resource": {
                    "type": "aws_api_gateway_resource",
                    "depends_on": [
                        "aws_api_gateway_rest_api.apigw"
                    ],
                    "primary": {
                        "id": "jiju8l",
                        "attributes": {
                            "id": "jiju8l",
                            "parent_id": "za3frnn2sa",
                            "path": "/profile",
                            "path_part": "profile",
                            "rest_api_id": "4fz04l8m60"
                        },
                        "meta": {},
                        "tainted": false
                    },
                    "deposed": [],
                    "provider": "provider.aws"
                },
                "aws_api_gateway_resource.apigw_vitals_resource": {
                    "type": "aws_api_gateway_resource",
                    "depends_on": [
                        "aws_api_gateway_rest_api.apigw"
                    ],
                    "primary": {
                        "id": "2c1djg",
                        "attributes": {
                            "id": "2c1djg",
                            "parent_id": "za3frnn2sa",
                            "path": "/vitals",
                            "path_part": "vitals",
                            "rest_api_id": "4fz04l8m60"
                        },
                        "meta": {},
                        "tainted": false
                    },
                    "deposed": [],
                    "provider": "provider.aws"
                },
                "aws_api_gateway_rest_api.apigw": {
                    "type": "aws_api_gateway_rest_api",
                    "depends_on": [],
                    "primary": {
                        "id": "4fz04l8m60",
                        "attributes": {
                            "api_key_source": "HEADER",
                            "arn": "arn:aws:apigateway:us-east-1::/restapis/4fz04l8m60",
                            "binary_media_types.#": "0",
                            "created_date": "2020-04-08T14:22:53Z",
                            "description": "",
                            "endpoint_configuration.#": "1",
                            "endpoint_configuration.0.types.#": "1",
                            "endpoint_configuration.0.types.0": "EDGE",
                            "endpoint_configuration.0.vpc_endpoint_ids.#": "0",
                            "execution_arn": "arn:aws:execute-api:us-east-1:777573843231:4fz04l8m60",
                            "id": "4fz04l8m60",
                            "minimum_compression_size": "-1",
                            "name": "homecare",
                            "policy": "",
                            "root_resource_id": "za3frnn2sa",
                            "tags.%": "0"
                        },
                        "meta": {},
                        "tainted": false
                    },
                    "deposed": [],
                    "provider": "provider.aws"
                },
                "data.aws_caller_identity.current": {
                    "type": "aws_caller_identity",
                    "depends_on": [],
                    "primary": {
                        "id": "2020-04-08 17:45:28.665609497 +0000 UTC",
                        "attributes": {
                            "account_id": "777573843231",
                            "arn": "arn:aws:iam::777573843231:user/Learner",
                            "id": "2020-04-08 17:45:28.665609497 +0000 UTC",
                            "user_id": "AIDA3KCYDIEPTDST5RWPN"
                        },
                        "meta": {},
                        "tainted": false
                    },
                    "deposed": [],
                    "provider": "provider.aws"
                }
            },
            "depends_on": []
        },
        {
            "path": [
                "root",
                "apigw_prescriptions_get"
            ],
            "outputs": {
                "http_method": {
                    "sensitive": false,
                    "type": "string",
                    "value": "GET"
                }
            },
            "resources": {
                "aws_api_gateway_integration.request_method_integration": {
                    "type": "aws_api_gateway_integration",
                    "depends_on": [
                        "aws_api_gateway_method.request_method"
                    ],
                    "primary": {
                        "id": "agi-4fz04l8m60-cfbzxt-GET",
                        "attributes": {
                            "cache_key_parameters.#": "0",
                            "cache_namespace": "cfbzxt",
                            "connection_id": "",
                            "connection_type": "INTERNET",
                            "content_handling": "",
                            "credentials": "",
                            "http_method": "GET",
                            "id": "agi-4fz04l8m60-cfbzxt-GET",
                            "integration_http_method": "POST",
                            "passthrough_behavior": "WHEN_NO_MATCH",
                            "request_parameters.%": "0",
                            "request_templates.%": "0",
                            "resource_id": "cfbzxt",
                            "rest_api_id": "4fz04l8m60",
                            "timeout_milliseconds": "29000",
                            "type": "AWS",
                            "uri": "arn:aws:apigateway:us-east-1:lambda:path/2015-03-31/functions/arn:aws:lambda:us-east-1:777573843231:function:getPrescription_getPrescription/invocations"
                        },
                        "meta": {},
                        "tainted": false
                    },
                    "deposed": [],
                    "provider": "provider.aws"
                },
                "aws_api_gateway_integration_response.response_method_integration": {
                    "type": "aws_api_gateway_integration_response",
                    "depends_on": [
                        "aws_api_gateway_method_response.response_method"
                    ],
                    "primary": {
                        "id": "agir-4fz04l8m60-cfbzxt-GET-200",
                        "attributes": {
                            "content_handling": "",
                            "http_method": "GET",
                            "id": "agir-4fz04l8m60-cfbzxt-GET-200",
                            "resource_id": "cfbzxt",
                            "response_parameters.%": "0",
                            "response_templates.%": "1",
                            "response_templates.application/json": "",
                            "rest_api_id": "4fz04l8m60",
                            "selection_pattern": "",
                            "status_code": "200"
                        },
                        "meta": {},
                        "tainted": false
                    },
                    "deposed": [],
                    "provider": "provider.aws"
                },
                "aws_api_gateway_method.request_method": {
                    "type": "aws_api_gateway_method",
                    "depends_on": [],
                    "primary": {
                        "id": "agm-4fz04l8m60-cfbzxt-GET",
                        "attributes": {
                            "api_key_required": "false",
                            "authorization": "NONE",
                            "http_method": "GET",
                            "id": "agm-4fz04l8m60-cfbzxt-GET",
                            "resource_id": "cfbzxt",
                            "rest_api_id": "4fz04l8m60"
                        },
                        "meta": {},
                        "tainted": false
                    },
                    "deposed": [],
                    "provider": "provider.aws"
                },
                "aws_api_gateway_method_response.response_method": {
                    "type": "aws_api_gateway_method_response",
                    "depends_on": [
                        "aws_api_gateway_integration.request_method_integration"
                    ],
                    "primary": {
                        "id": "agmr-4fz04l8m60-cfbzxt-GET-200",
                        "attributes": {
                            "http_method": "GET",
                            "id": "agmr-4fz04l8m60-cfbzxt-GET-200",
                            "resource_id": "cfbzxt",
                            "response_models.%": "1",
                            "response_models.application/json": "Empty",
                            "rest_api_id": "4fz04l8m60",
                            "status_code": "200"
                        },
                        "meta": {},
                        "tainted": false
                    },
                    "deposed": [],
                    "provider": "provider.aws"
                },
                "aws_lambda_permission.allow_api_gateway": {
                    "type": "aws_lambda_permission",
                    "depends_on": [],
                    "primary": {
                        "id": "AllowExecutionFromApiGateway",
                        "attributes": {
                            "action": "lambda:InvokeFunction",
                            "function_name": "getPrescription_getPrescription",
                            "id": "AllowExecutionFromApiGateway",
                            "principal": "apigateway.amazonaws.com",
                            "qualifier": "",
                            "source_arn": "arn:aws:execute-api:us-east-1:777573843231:4fz04l8m60/*/GET/prescriptions",
                            "statement_id": "AllowExecutionFromApiGateway"
                        },
                        "meta": {},
                        "tainted": false
                    },
                    "deposed": [],
                    "provider": "provider.aws"
                }
            },
            "depends_on": []
        },
        {
            "path": [
                "root",
                "apigw_prescriptions_put"
            ],
            "outputs": {
                "http_method": {
                    "sensitive": false,
                    "type": "string",
                    "value": "POST"
                }
            },
            "resources": {
                "aws_api_gateway_integration.request_method_integration": {
                    "type": "aws_api_gateway_integration",
                    "depends_on": [
                        "aws_api_gateway_method.request_method"
                    ],
                    "primary": {
                        "id": "agi-4fz04l8m60-cfbzxt-POST",
                        "attributes": {
                            "cache_key_parameters.#": "0",
                            "cache_namespace": "cfbzxt",
                            "connection_id": "",
                            "connection_type": "INTERNET",
                            "content_handling": "",
                            "credentials": "",
                            "http_method": "POST",
                            "id": "agi-4fz04l8m60-cfbzxt-POST",
                            "integration_http_method": "POST",
                            "passthrough_behavior": "WHEN_NO_MATCH",
                            "request_parameters.%": "0",
                            "request_templates.%": "0",
                            "resource_id": "cfbzxt",
                            "rest_api_id": "4fz04l8m60",
                            "timeout_milliseconds": "29000",
                            "type": "AWS",
                            "uri": "arn:aws:apigateway:us-east-1:lambda:path/2015-03-31/functions/arn:aws:lambda:us-east-1:777573843231:function:postPrescription_postPrescription/invocations"
                        },
                        "meta": {},
                        "tainted": false
                    },
                    "deposed": [],
                    "provider": "provider.aws"
                },
                "aws_api_gateway_integration_response.response_method_integration": {
                    "type": "aws_api_gateway_integration_response",
                    "depends_on": [
                        "aws_api_gateway_method_response.response_method"
                    ],
                    "primary": {
                        "id": "agir-4fz04l8m60-cfbzxt-POST-200",
                        "attributes": {
                            "content_handling": "",
                            "http_method": "POST",
                            "id": "agir-4fz04l8m60-cfbzxt-POST-200",
                            "resource_id": "cfbzxt",
                            "response_parameters.%": "0",
                            "response_templates.%": "1",
                            "response_templates.application/json": "",
                            "rest_api_id": "4fz04l8m60",
                            "selection_pattern": "",
                            "status_code": "200"
                        },
                        "meta": {},
                        "tainted": false
                    },
                    "deposed": [],
                    "provider": "provider.aws"
                },
                "aws_api_gateway_method.request_method": {
                    "type": "aws_api_gateway_method",
                    "depends_on": [],
                    "primary": {
                        "id": "agm-4fz04l8m60-cfbzxt-POST",
                        "attributes": {
                            "api_key_required": "false",
                            "authorization": "NONE",
                            "http_method": "POST",
                            "id": "agm-4fz04l8m60-cfbzxt-POST",
                            "resource_id": "cfbzxt",
                            "rest_api_id": "4fz04l8m60"
                        },
                        "meta": {},
                        "tainted": false
                    },
                    "deposed": [],
                    "provider": "provider.aws"
                },
                "aws_api_gateway_method_response.response_method": {
                    "type": "aws_api_gateway_method_response",
                    "depends_on": [
                        "aws_api_gateway_integration.request_method_integration"
                    ],
                    "primary": {
                        "id": "agmr-4fz04l8m60-cfbzxt-POST-200",
                        "attributes": {
                            "http_method": "POST",
                            "id": "agmr-4fz04l8m60-cfbzxt-POST-200",
                            "resource_id": "cfbzxt",
                            "response_models.%": "1",
                            "response_models.application/json": "Empty",
                            "rest_api_id": "4fz04l8m60",
                            "status_code": "200"
                        },
                        "meta": {},
                        "tainted": false
                    },
                    "deposed": [],
                    "provider": "provider.aws"
                },
                "aws_lambda_permission.allow_api_gateway": {
                    "type": "aws_lambda_permission",
                    "depends_on": [],
                    "primary": {
                        "id": "AllowExecutionFromApiGateway",
                        "attributes": {
                            "action": "lambda:InvokeFunction",
                            "function_name": "postPrescription_postPrescription",
                            "id": "AllowExecutionFromApiGateway",
                            "principal": "apigateway.amazonaws.com",
                            "qualifier": "",
                            "source_arn": "arn:aws:execute-api:us-east-1:777573843231:4fz04l8m60/*/POST/prescriptions",
                            "statement_id": "AllowExecutionFromApiGateway"
                        },
                        "meta": {},
                        "tainted": false
                    },
                    "deposed": [],
                    "provider": "provider.aws"
                }
            },
            "depends_on": []
        },
        {
            "path": [
                "root",
                "apigw_user_profile"
            ],
            "outputs": {
                "http_method": {
                    "sensitive": false,
                    "type": "string",
                    "value": "GET"
                }
            },
            "resources": {
                "aws_api_gateway_integration.request_method_integration": {
                    "type": "aws_api_gateway_integration",
                    "depends_on": [
                        "aws_api_gateway_method.request_method"
                    ],
                    "primary": {
                        "id": "agi-4fz04l8m60-jiju8l-GET",
                        "attributes": {
                            "cache_key_parameters.#": "0",
                            "cache_namespace": "jiju8l",
                            "connection_id": "",
                            "connection_type": "INTERNET",
                            "content_handling": "",
                            "credentials": "",
                            "http_method": "GET",
                            "id": "agi-4fz04l8m60-jiju8l-GET",
                            "integration_http_method": "POST",
                            "passthrough_behavior": "WHEN_NO_MATCH",
                            "request_parameters.%": "0",
                            "request_templates.%": "0",
                            "resource_id": "jiju8l",
                            "rest_api_id": "4fz04l8m60",
                            "timeout_milliseconds": "29000",
                            "type": "AWS",
                            "uri": "arn:aws:apigateway:us-east-1:lambda:path/2015-03-31/functions/arn:aws:lambda:us-east-1:777573843231:function:userInfo_userInfo/invocations"
                        },
                        "meta": {},
                        "tainted": false
                    },
                    "deposed": [],
                    "provider": "provider.aws"
                },
                "aws_api_gateway_integration_response.response_method_integration": {
                    "type": "aws_api_gateway_integration_response",
                    "depends_on": [
                        "aws_api_gateway_method_response.response_method"
                    ],
                    "primary": {
                        "id": "agir-4fz04l8m60-jiju8l-GET-200",
                        "attributes": {
                            "content_handling": "",
                            "http_method": "GET",
                            "id": "agir-4fz04l8m60-jiju8l-GET-200",
                            "resource_id": "jiju8l",
                            "response_parameters.%": "0",
                            "response_templates.%": "1",
                            "response_templates.application/json": "",
                            "rest_api_id": "4fz04l8m60",
                            "selection_pattern": "",
                            "status_code": "200"
                        },
                        "meta": {},
                        "tainted": false
                    },
                    "deposed": [],
                    "provider": "provider.aws"
                },
                "aws_api_gateway_method.request_method": {
                    "type": "aws_api_gateway_method",
                    "depends_on": [],
                    "primary": {
                        "id": "agm-4fz04l8m60-jiju8l-GET",
                        "attributes": {
                            "api_key_required": "false",
                            "authorization": "NONE",
                            "authorization_scopes.#": "0",
                            "authorizer_id": "",
                            "http_method": "GET",
                            "id": "agm-4fz04l8m60-jiju8l-GET",
                            "request_models.%": "0",
                            "request_parameters.%": "0",
                            "request_validator_id": "",
                            "resource_id": "jiju8l",
                            "rest_api_id": "4fz04l8m60"
                        },
                        "meta": {},
                        "tainted": false
                    },
                    "deposed": [],
                    "provider": "provider.aws"
                },
                "aws_api_gateway_method_response.response_method": {
                    "type": "aws_api_gateway_method_response",
                    "depends_on": [
                        "aws_api_gateway_integration.request_method_integration"
                    ],
                    "primary": {
                        "id": "agmr-4fz04l8m60-jiju8l-GET-200",
                        "attributes": {
                            "http_method": "GET",
                            "id": "agmr-4fz04l8m60-jiju8l-GET-200",
                            "resource_id": "jiju8l",
                            "response_models.%": "1",
                            "response_models.application/json": "Empty",
                            "response_parameters.%": "0",
                            "rest_api_id": "4fz04l8m60",
                            "status_code": "200"
                        },
                        "meta": {},
                        "tainted": false
                    },
                    "deposed": [],
                    "provider": "provider.aws"
                },
                "aws_lambda_permission.allow_api_gateway": {
                    "type": "aws_lambda_permission",
                    "depends_on": [],
                    "primary": {
                        "id": "AllowExecutionFromApiGateway",
                        "attributes": {
                            "action": "lambda:InvokeFunction",
                            "function_name": "userInfo_userInfo",
                            "id": "AllowExecutionFromApiGateway",
                            "principal": "apigateway.amazonaws.com",
                            "qualifier": "",
                            "source_arn": "arn:aws:execute-api:us-east-1:777573843231:4fz04l8m60/*/GET/profile",
                            "statement_id": "AllowExecutionFromApiGateway"
                        },
                        "meta": {},
                        "tainted": false
                    },
                    "deposed": [],
                    "provider": "provider.aws"
                }
            },
            "depends_on": []
        },
        {
            "path": [
                "root",
                "apigw_user_profile_post"
            ],
            "outputs": {
                "http_method": {
                    "sensitive": false,
                    "type": "string",
                    "value": "POST"
                }
            },
            "resources": {
                "aws_api_gateway_integration.request_method_integration": {
                    "type": "aws_api_gateway_integration",
                    "depends_on": [
                        "aws_api_gateway_method.request_method"
                    ],
                    "primary": {
                        "id": "agi-4fz04l8m60-jiju8l-POST",
                        "attributes": {
                            "cache_key_parameters.#": "0",
                            "cache_namespace": "jiju8l",
                            "connection_id": "",
                            "connection_type": "INTERNET",
                            "content_handling": "",
                            "credentials": "",
                            "http_method": "POST",
                            "id": "agi-4fz04l8m60-jiju8l-POST",
                            "integration_http_method": "POST",
                            "passthrough_behavior": "WHEN_NO_MATCH",
                            "request_parameters.%": "0",
                            "request_templates.%": "0",
                            "resource_id": "jiju8l",
                            "rest_api_id": "4fz04l8m60",
                            "timeout_milliseconds": "29000",
                            "type": "AWS",
                            "uri": "arn:aws:apigateway:us-east-1:lambda:path/2015-03-31/functions/arn:aws:lambda:us-east-1:777573843231:function:postUserInfo_postUserInfo/invocations"
                        },
                        "meta": {},
                        "tainted": false
                    },
                    "deposed": [],
                    "provider": "provider.aws"
                },
                "aws_api_gateway_integration_response.response_method_integration": {
                    "type": "aws_api_gateway_integration_response",
                    "depends_on": [
                        "aws_api_gateway_method_response.response_method"
                    ],
                    "primary": {
                        "id": "agir-4fz04l8m60-jiju8l-POST-200",
                        "attributes": {
                            "content_handling": "",
                            "http_method": "POST",
                            "id": "agir-4fz04l8m60-jiju8l-POST-200",
                            "resource_id": "jiju8l",
                            "response_parameters.%": "0",
                            "response_templates.%": "1",
                            "response_templates.application/json": "",
                            "rest_api_id": "4fz04l8m60",
                            "selection_pattern": "",
                            "status_code": "200"
                        },
                        "meta": {},
                        "tainted": false
                    },
                    "deposed": [],
                    "provider": "provider.aws"
                },
                "aws_api_gateway_method.request_method": {
                    "type": "aws_api_gateway_method",
                    "depends_on": [],
                    "primary": {
                        "id": "agm-4fz04l8m60-jiju8l-POST",
                        "attributes": {
                            "api_key_required": "false",
                            "authorization": "NONE",
                            "authorization_scopes.#": "0",
                            "authorizer_id": "",
                            "http_method": "POST",
                            "id": "agm-4fz04l8m60-jiju8l-POST",
                            "request_models.%": "0",
                            "request_parameters.%": "0",
                            "request_validator_id": "",
                            "resource_id": "jiju8l",
                            "rest_api_id": "4fz04l8m60"
                        },
                        "meta": {},
                        "tainted": false
                    },
                    "deposed": [],
                    "provider": "provider.aws"
                },
                "aws_api_gateway_method_response.response_method": {
                    "type": "aws_api_gateway_method_response",
                    "depends_on": [
                        "aws_api_gateway_integration.request_method_integration"
                    ],
                    "primary": {
                        "id": "agmr-4fz04l8m60-jiju8l-POST-200",
                        "attributes": {
                            "http_method": "POST",
                            "id": "agmr-4fz04l8m60-jiju8l-POST-200",
                            "resource_id": "jiju8l",
                            "response_models.%": "1",
                            "response_models.application/json": "Empty",
                            "response_parameters.%": "0",
                            "rest_api_id": "4fz04l8m60",
                            "status_code": "200"
                        },
                        "meta": {},
                        "tainted": false
                    },
                    "deposed": [],
                    "provider": "provider.aws"
                },
                "aws_lambda_permission.allow_api_gateway": {
                    "type": "aws_lambda_permission",
                    "depends_on": [],
                    "primary": {
                        "id": "AllowExecutionFromApiGateway",
                        "attributes": {
                            "action": "lambda:InvokeFunction",
                            "function_name": "postUserInfo_postUserInfo",
                            "id": "AllowExecutionFromApiGateway",
                            "principal": "apigateway.amazonaws.com",
                            "qualifier": "",
                            "source_arn": "arn:aws:execute-api:us-east-1:777573843231:4fz04l8m60/*/POST/profile",
                            "statement_id": "AllowExecutionFromApiGateway"
                        },
                        "meta": {},
                        "tainted": false
                    },
                    "deposed": [],
                    "provider": "provider.aws"
                }
            },
            "depends_on": []
        },
        {
            "path": [
                "root",
                "apigw_vitals_get"
            ],
            "outputs": {
                "http_method": {
                    "sensitive": false,
                    "type": "string",
                    "value": "GET"
                }
            },
            "resources": {
                "aws_api_gateway_integration.request_method_integration": {
                    "type": "aws_api_gateway_integration",
                    "depends_on": [
                        "aws_api_gateway_method.request_method"
                    ],
                    "primary": {
                        "id": "agi-4fz04l8m60-2c1djg-GET",
                        "attributes": {
                            "cache_key_parameters.#": "0",
                            "cache_namespace": "2c1djg",
                            "connection_id": "",
                            "connection_type": "INTERNET",
                            "content_handling": "",
                            "credentials": "",
                            "http_method": "GET",
                            "id": "agi-4fz04l8m60-2c1djg-GET",
                            "integration_http_method": "POST",
                            "passthrough_behavior": "WHEN_NO_MATCH",
                            "request_parameters.%": "0",
                            "request_templates.%": "0",
                            "resource_id": "2c1djg",
                            "rest_api_id": "4fz04l8m60",
                            "timeout_milliseconds": "29000",
                            "type": "AWS",
                            "uri": "arn:aws:apigateway:us-east-1:lambda:path/2015-03-31/functions/arn:aws:lambda:us-east-1:777573843231:function:getVitals_getVitals/invocations"
                        },
                        "meta": {},
                        "tainted": false
                    },
                    "deposed": [],
                    "provider": "provider.aws"
                },
                "aws_api_gateway_integration_response.response_method_integration": {
                    "type": "aws_api_gateway_integration_response",
                    "depends_on": [
                        "aws_api_gateway_method_response.response_method"
                    ],
                    "primary": {
                        "id": "agir-4fz04l8m60-2c1djg-GET-200",
                        "attributes": {
                            "content_handling": "",
                            "http_method": "GET",
                            "id": "agir-4fz04l8m60-2c1djg-GET-200",
                            "resource_id": "2c1djg",
                            "response_parameters.%": "0",
                            "response_templates.%": "1",
                            "response_templates.application/json": "",
                            "rest_api_id": "4fz04l8m60",
                            "selection_pattern": "",
                            "status_code": "200"
                        },
                        "meta": {},
                        "tainted": false
                    },
                    "deposed": [],
                    "provider": "provider.aws"
                },
                "aws_api_gateway_method.request_method": {
                    "type": "aws_api_gateway_method",
                    "depends_on": [],
                    "primary": {
                        "id": "agm-4fz04l8m60-2c1djg-GET",
                        "attributes": {
                            "api_key_required": "false",
                            "authorization": "NONE",
                            "http_method": "GET",
                            "id": "agm-4fz04l8m60-2c1djg-GET",
                            "resource_id": "2c1djg",
                            "rest_api_id": "4fz04l8m60"
                        },
                        "meta": {},
                        "tainted": false
                    },
                    "deposed": [],
                    "provider": "provider.aws"
                },
                "aws_api_gateway_method_response.response_method": {
                    "type": "aws_api_gateway_method_response",
                    "depends_on": [
                        "aws_api_gateway_integration.request_method_integration"
                    ],
                    "primary": {
                        "id": "agmr-4fz04l8m60-2c1djg-GET-200",
                        "attributes": {
                            "http_method": "GET",
                            "id": "agmr-4fz04l8m60-2c1djg-GET-200",
                            "resource_id": "2c1djg",
                            "response_models.%": "1",
                            "response_models.application/json": "Empty",
                            "rest_api_id": "4fz04l8m60",
                            "status_code": "200"
                        },
                        "meta": {},
                        "tainted": false
                    },
                    "deposed": [],
                    "provider": "provider.aws"
                },
                "aws_lambda_permission.allow_api_gateway": {
                    "type": "aws_lambda_permission",
                    "depends_on": [],
                    "primary": {
                        "id": "AllowExecutionFromApiGateway",
                        "attributes": {
                            "action": "lambda:InvokeFunction",
                            "function_name": "getVitals_getVitals",
                            "id": "AllowExecutionFromApiGateway",
                            "principal": "apigateway.amazonaws.com",
                            "qualifier": "",
                            "source_arn": "arn:aws:execute-api:us-east-1:777573843231:4fz04l8m60/*/GET/vitals",
                            "statement_id": "AllowExecutionFromApiGateway"
                        },
                        "meta": {},
                        "tainted": false
                    },
                    "deposed": [],
                    "provider": "provider.aws"
                }
            },
            "depends_on": []
        },
        {
            "path": [
                "root",
                "apigw_vitals_post"
            ],
            "outputs": {
                "http_method": {
                    "sensitive": false,
                    "type": "string",
                    "value": "POST"
                }
            },
            "resources": {
                "aws_api_gateway_integration.request_method_integration": {
                    "type": "aws_api_gateway_integration",
                    "depends_on": [
                        "aws_api_gateway_method.request_method"
                    ],
                    "primary": {
                        "id": "agi-4fz04l8m60-2c1djg-POST",
                        "attributes": {
                            "cache_key_parameters.#": "0",
                            "cache_namespace": "2c1djg",
                            "connection_id": "",
                            "connection_type": "INTERNET",
                            "content_handling": "",
                            "credentials": "",
                            "http_method": "POST",
                            "id": "agi-4fz04l8m60-2c1djg-POST",
                            "integration_http_method": "POST",
                            "passthrough_behavior": "WHEN_NO_MATCH",
                            "request_parameters.%": "0",
                            "request_templates.%": "0",
                            "resource_id": "2c1djg",
                            "rest_api_id": "4fz04l8m60",
                            "timeout_milliseconds": "29000",
                            "type": "AWS",
                            "uri": "arn:aws:apigateway:us-east-1:lambda:path/2015-03-31/functions/arn:aws:lambda:us-east-1:777573843231:function:postVitals_postVItals/invocations"
                        },
                        "meta": {},
                        "tainted": false
                    },
                    "deposed": [],
                    "provider": "provider.aws"
                },
                "aws_api_gateway_integration_response.response_method_integration": {
                    "type": "aws_api_gateway_integration_response",
                    "depends_on": [
                        "aws_api_gateway_method_response.response_method"
                    ],
                    "primary": {
                        "id": "agir-4fz04l8m60-2c1djg-POST-200",
                        "attributes": {
                            "content_handling": "",
                            "http_method": "POST",
                            "id": "agir-4fz04l8m60-2c1djg-POST-200",
                            "resource_id": "2c1djg",
                            "response_parameters.%": "0",
                            "response_templates.%": "1",
                            "response_templates.application/json": "",
                            "rest_api_id": "4fz04l8m60",
                            "selection_pattern": "",
                            "status_code": "200"
                        },
                        "meta": {},
                        "tainted": false
                    },
                    "deposed": [],
                    "provider": "provider.aws"
                },
                "aws_api_gateway_method.request_method": {
                    "type": "aws_api_gateway_method",
                    "depends_on": [],
                    "primary": {
                        "id": "agm-4fz04l8m60-2c1djg-POST",
                        "attributes": {
                            "api_key_required": "false",
                            "authorization": "NONE",
                            "http_method": "POST",
                            "id": "agm-4fz04l8m60-2c1djg-POST",
                            "resource_id": "2c1djg",
                            "rest_api_id": "4fz04l8m60"
                        },
                        "meta": {},
                        "tainted": false
                    },
                    "deposed": [],
                    "provider": "provider.aws"
                },
                "aws_api_gateway_method_response.response_method": {
                    "type": "aws_api_gateway_method_response",
                    "depends_on": [
                        "aws_api_gateway_integration.request_method_integration"
                    ],
                    "primary": {
                        "id": "agmr-4fz04l8m60-2c1djg-POST-200",
                        "attributes": {
                            "http_method": "POST",
                            "id": "agmr-4fz04l8m60-2c1djg-POST-200",
                            "resource_id": "2c1djg",
                            "response_models.%": "1",
                            "response_models.application/json": "Empty",
                            "rest_api_id": "4fz04l8m60",
                            "status_code": "200"
                        },
                        "meta": {},
                        "tainted": false
                    },
                    "deposed": [],
                    "provider": "provider.aws"
                },
                "aws_lambda_permission.allow_api_gateway": {
                    "type": "aws_lambda_permission",
                    "depends_on": [],
                    "primary": {
                        "id": "AllowExecutionFromApiGateway",
                        "attributes": {
                            "action": "lambda:InvokeFunction",
                            "function_name": "postVitals_postVItals",
                            "id": "AllowExecutionFromApiGateway",
                            "principal": "apigateway.amazonaws.com",
                            "qualifier": "",
                            "source_arn": "arn:aws:execute-api:us-east-1:777573843231:4fz04l8m60/*/POST/vitals",
                            "statement_id": "AllowExecutionFromApiGateway"
                        },
                        "meta": {},
                        "tainted": false
                    },
                    "deposed": [],
                    "provider": "provider.aws"
                }
            },
            "depends_on": []
        },
        {
            "path": [
                "root",
                "apigw_vitals_put"
            ],
            "outputs": {
                "http_method": {
                    "sensitive": false,
                    "type": "string",
                    "value": "PUT"
                }
            },
            "resources": {
                "aws_api_gateway_integration.request_method_integration": {
                    "type": "aws_api_gateway_integration",
                    "depends_on": [
                        "aws_api_gateway_method.request_method"
                    ],
                    "primary": {
                        "id": "agi-4fz04l8m60-2c1djg-PUT",
                        "attributes": {
                            "cache_key_parameters.#": "0",
                            "cache_namespace": "2c1djg",
                            "connection_id": "",
                            "connection_type": "INTERNET",
                            "content_handling": "",
                            "credentials": "",
                            "http_method": "PUT",
                            "id": "agi-4fz04l8m60-2c1djg-PUT",
                            "integration_http_method": "POST",
                            "passthrough_behavior": "WHEN_NO_MATCH",
                            "request_parameters.%": "0",
                            "request_templates.%": "0",
                            "resource_id": "2c1djg",
                            "rest_api_id": "4fz04l8m60",
                            "timeout_milliseconds": "29000",
                            "type": "AWS",
                            "uri": "arn:aws:apigateway:us-east-1:lambda:path/2015-03-31/functions/arn:aws:lambda:us-east-1:777573843231:function:putVitals_putVitals/invocations"
                        },
                        "meta": {},
                        "tainted": false
                    },
                    "deposed": [],
                    "provider": "provider.aws"
                },
                "aws_api_gateway_integration_response.response_method_integration": {
                    "type": "aws_api_gateway_integration_response",
                    "depends_on": [
                        "aws_api_gateway_method_response.response_method"
                    ],
                    "primary": {
                        "id": "agir-4fz04l8m60-2c1djg-PUT-200",
                        "attributes": {
                            "content_handling": "",
                            "http_method": "PUT",
                            "id": "agir-4fz04l8m60-2c1djg-PUT-200",
                            "resource_id": "2c1djg",
                            "response_parameters.%": "0",
                            "response_templates.%": "1",
                            "response_templates.application/json": "",
                            "rest_api_id": "4fz04l8m60",
                            "selection_pattern": "",
                            "status_code": "200"
                        },
                        "meta": {},
                        "tainted": false
                    },
                    "deposed": [],
                    "provider": "provider.aws"
                },
                "aws_api_gateway_method.request_method": {
                    "type": "aws_api_gateway_method",
                    "depends_on": [],
                    "primary": {
                        "id": "agm-4fz04l8m60-2c1djg-PUT",
                        "attributes": {
                            "api_key_required": "false",
                            "authorization": "NONE",
                            "http_method": "PUT",
                            "id": "agm-4fz04l8m60-2c1djg-PUT",
                            "resource_id": "2c1djg",
                            "rest_api_id": "4fz04l8m60"
                        },
                        "meta": {},
                        "tainted": false
                    },
                    "deposed": [],
                    "provider": "provider.aws"
                },
                "aws_api_gateway_method_response.response_method": {
                    "type": "aws_api_gateway_method_response",
                    "depends_on": [
                        "aws_api_gateway_integration.request_method_integration"
                    ],
                    "primary": {
                        "id": "agmr-4fz04l8m60-2c1djg-PUT-200",
                        "attributes": {
                            "http_method": "PUT",
                            "id": "agmr-4fz04l8m60-2c1djg-PUT-200",
                            "resource_id": "2c1djg",
                            "response_models.%": "1",
                            "response_models.application/json": "Empty",
                            "rest_api_id": "4fz04l8m60",
                            "status_code": "200"
                        },
                        "meta": {},
                        "tainted": false
                    },
                    "deposed": [],
                    "provider": "provider.aws"
                },
                "aws_lambda_permission.allow_api_gateway": {
                    "type": "aws_lambda_permission",
                    "depends_on": [],
                    "primary": {
                        "id": "AllowExecutionFromApiGateway",
                        "attributes": {
                            "action": "lambda:InvokeFunction",
                            "function_name": "putVitals_putVitals",
                            "id": "AllowExecutionFromApiGateway",
                            "principal": "apigateway.amazonaws.com",
                            "qualifier": "",
                            "source_arn": "arn:aws:execute-api:us-east-1:777573843231:4fz04l8m60/*/PUT/vitals",
                            "statement_id": "AllowExecutionFromApiGateway"
                        },
                        "meta": {},
                        "tainted": false
                    },
                    "deposed": [],
                    "provider": "provider.aws"
                }
            },
            "depends_on": []
        },
        {
            "path": [
                "root",
                "database"
            ],
            "outputs": {},
            "resources": {
                "aws_dynamodb_table.dynamo_table_prescriptions": {
                    "type": "aws_dynamodb_table",
                    "depends_on": [],
                    "primary": {
                        "id": "Prescription",
                        "attributes": {
                            "arn": "arn:aws:dynamodb:us-east-1:777573843231:table/Prescription",
                            "attribute.#": "3",
                            "attribute.4228504427.name": "id",
                            "attribute.4228504427.type": "S",
                            "attribute.665302509.name": "date",
                            "attribute.665302509.type": "S",
                            "attribute.90934062.name": "userId",
                            "attribute.90934062.type": "S",
                            "billing_mode": "PROVISIONED",
                            "global_secondary_index.#": "1",
                            "global_secondary_index.2528590727.hash_key": "userId",
                            "global_secondary_index.2528590727.name": "prescription-user-index",
                            "global_secondary_index.2528590727.non_key_attributes.#": "1",
                            "global_secondary_index.2528590727.non_key_attributes.0": "userId",
                            "global_secondary_index.2528590727.projection_type": "INCLUDE",
                            "global_secondary_index.2528590727.range_key": "date",
                            "global_secondary_index.2528590727.read_capacity": "10",
                            "global_secondary_index.2528590727.write_capacity": "10",
                            "hash_key": "id",
                            "id": "Prescription",
                            "local_secondary_index.#": "0",
                            "name": "Prescription",
                            "point_in_time_recovery.#": "1",
                            "point_in_time_recovery.0.enabled": "false",
                            "range_key": "date",
                            "read_capacity": "20",
                            "server_side_encryption.#": "0",
                            "stream_arn": "",
                            "stream_enabled": "false",
                            "stream_label": "",
                            "stream_view_type": "",
                            "tags.%": "2",
                            "tags.Environment": "production",
                            "tags.Name": "dynamodb-table-prescriptions",
                            "ttl.#": "1",
                            "ttl.0.attribute_name": "",
                            "ttl.0.enabled": "false",
                            "write_capacity": "20"
                        },
                        "meta": {
                            "e2bfb730-ecaa-11e6-8f88-34363bc7c4c0": {
                                "create": 600000000000,
                                "delete": 600000000000,
                                "update": 3600000000000
                            },
                            "schema_version": "1"
                        },
                        "tainted": false
                    },
                    "deposed": [],
                    "provider": "provider.aws"
                },
                "aws_dynamodb_table.dynamo_table_user": {
                    "type": "aws_dynamodb_table",
                    "depends_on": [],
                    "primary": {
                        "id": "User",
                        "attributes": {
                            "arn": "arn:aws:dynamodb:us-east-1:777573843231:table/User",
                            "attribute.#": "2",
                            "attribute.3226637473.name": "email",
                            "attribute.3226637473.type": "S",
                            "attribute.90934062.name": "userId",
                            "attribute.90934062.type": "S",
                            "billing_mode": "PROVISIONED",
                            "global_secondary_index.#": "0",
                            "hash_key": "userId",
                            "id": "User",
                            "local_secondary_index.#": "0",
                            "name": "User",
                            "point_in_time_recovery.#": "1",
                            "point_in_time_recovery.0.enabled": "false",
                            "range_key": "email",
                            "read_capacity": "20",
                            "server_side_encryption.#": "0",
                            "stream_arn": "",
                            "stream_enabled": "false",
                            "stream_label": "",
                            "stream_view_type": "",
                            "tags.%": "2",
                            "tags.Environment": "production",
                            "tags.Name": "dynamodb-table-user",
                            "ttl.#": "1",
                            "ttl.0.attribute_name": "",
                            "ttl.0.enabled": "false",
                            "write_capacity": "20"
                        },
                        "meta": {
                            "e2bfb730-ecaa-11e6-8f88-34363bc7c4c0": {
                                "create": 600000000000,
                                "delete": 600000000000,
                                "update": 3600000000000
                            },
                            "schema_version": "1"
                        },
                        "tainted": false
                    },
                    "deposed": [],
                    "provider": "provider.aws"
                },
                "aws_dynamodb_table.dynamo_table_vitals": {
                    "type": "aws_dynamodb_table",
                    "depends_on": [],
                    "primary": {
                        "id": "Vital",
                        "attributes": {
                            "arn": "arn:aws:dynamodb:us-east-1:777573843231:table/Vital",
                            "attribute.#": "3",
                            "attribute.2987610440.name": "age",
                            "attribute.2987610440.type": "S",
                            "attribute.4228504427.name": "id",
                            "attribute.4228504427.type": "S",
                            "attribute.90934062.name": "userId",
                            "attribute.90934062.type": "S",
                            "billing_mode": "PROVISIONED",
                            "global_secondary_index.#": "1",
                            "global_secondary_index.3153077274.hash_key": "userId",
                            "global_secondary_index.3153077274.name": "vitals-user-index",
                            "global_secondary_index.3153077274.non_key_attributes.#": "1",
                            "global_secondary_index.3153077274.non_key_attributes.0": "userId",
                            "global_secondary_index.3153077274.projection_type": "INCLUDE",
                            "global_secondary_index.3153077274.range_key": "age",
                            "global_secondary_index.3153077274.read_capacity": "10",
                            "global_secondary_index.3153077274.write_capacity": "10",
                            "hash_key": "id",
                            "id": "Vital",
                            "local_secondary_index.#": "0",
                            "name": "Vital",
                            "point_in_time_recovery.#": "1",
                            "point_in_time_recovery.0.enabled": "false",
                            "range_key": "age",
                            "read_capacity": "20",
                            "server_side_encryption.#": "0",
                            "stream_arn": "",
                            "stream_enabled": "false",
                            "stream_label": "",
                            "stream_view_type": "",
                            "tags.%": "2",
                            "tags.Environment": "production",
                            "tags.Name": "dynamodb-table-vitals",
                            "ttl.#": "1",
                            "ttl.0.attribute_name": "",
                            "ttl.0.enabled": "false",
                            "write_capacity": "20"
                        },
                        "meta": {
                            "e2bfb730-ecaa-11e6-8f88-34363bc7c4c0": {
                                "create": 600000000000,
                                "delete": 600000000000,
                                "update": 3600000000000
                            },
                            "schema_version": "1"
                        },
                        "tainted": false
                    },
                    "deposed": [],
                    "provider": "provider.aws"
                }
            },
            "depends_on": []
        },
        {
            "path": [
                "root",
                "iam_profiles"
            ],
            "outputs": {
                "assume_role_name": {
                    "sensitive": false,
                    "type": "string",
                    "value": "arn:aws:iam::777573843231:role/lambda_assume_role"
                }
            },
            "resources": {
                "aws_iam_policy.lambda_logging": {
                    "type": "aws_iam_policy",
                    "depends_on": [],
                    "primary": {
                        "id": "arn:aws:iam::777573843231:policy/lambda_logging",
                        "attributes": {
                            "arn": "arn:aws:iam::777573843231:policy/lambda_logging",
                            "description": "IAM policy for logging from a lambda",
                            "id": "arn:aws:iam::777573843231:policy/lambda_logging",
                            "name": "lambda_logging",
                            "path": "/",
                            "policy": "{\n    \"Version\": \"2012-10-17\",\n    \"Statement\": [\n      {\n        \"Action\": [\n          \"logs:*\"\n        ],\n        \"Resource\": \"arn:aws:logs:*:*:*\",\n        \"Effect\": \"Allow\"\n      }\n    ]\n  }"
                        },
                        "meta": {},
                        "tainted": false
                    },
                    "deposed": [],
                    "provider": "provider.aws"
                },
                "aws_iam_role.lambda_assume_role": {
                    "type": "aws_iam_role",
                    "depends_on": [],
                    "primary": {
                        "id": "lambda_assume_role",
                        "attributes": {
                            "arn": "arn:aws:iam::777573843231:role/lambda_assume_role",
                            "assume_role_policy": "{\"Version\":\"2012-10-17\",\"Statement\":[{\"Sid\":\"\",\"Effect\":\"Allow\",\"Principal\":{\"Service\":\"lambda.amazonaws.com\"},\"Action\":\"sts:AssumeRole\"}]}",
                            "create_date": "2020-04-08T14:22:53Z",
                            "description": "",
                            "force_detach_policies": "false",
                            "id": "lambda_assume_role",
                            "max_session_duration": "3600",
                            "name": "lambda_assume_role",
                            "path": "/",
                            "tags.%": "0",
                            "unique_id": "AROA3KCYDIEP3IKX34ASW"
                        },
                        "meta": {},
                        "tainted": false
                    },
                    "deposed": [],
                    "provider": "provider.aws"
                },
                "aws_iam_role_policy_attachment.lambda_logs": {
                    "type": "aws_iam_role_policy_attachment",
                    "depends_on": [
                        "aws_iam_policy.lambda_logging",
                        "aws_iam_role.lambda_assume_role"
                    ],
                    "primary": {
                        "id": "lambda_assume_role-20200408142255102700000001",
                        "attributes": {
                            "id": "lambda_assume_role-20200408142255102700000001",
                            "policy_arn": "arn:aws:iam::777573843231:policy/lambda_logging",
                            "role": "lambda_assume_role"
                        },
                        "meta": {},
                        "tainted": false
                    },
                    "deposed": [],
                    "provider": "provider.aws"
                }
            },
            "depends_on": []
        },
        {
            "path": [
                "root",
                "prescriptions_get"
            ],
            "outputs": {
                "function_name": {
                    "sensitive": false,
                    "type": "string",
                    "value": "getPrescription_getPrescription"
                }
            },
            "resources": {
                "aws_cloudwatch_log_group.log_group": {
                    "type": "aws_cloudwatch_log_group",
                    "depends_on": [],
                    "primary": {
                        "id": "/aws/lambda/getPrescription",
                        "attributes": {
                            "arn": "arn:aws:logs:us-east-1:777573843231:log-group:/aws/lambda/getPrescription:*",
                            "id": "/aws/lambda/getPrescription",
                            "kms_key_id": "",
                            "name": "/aws/lambda/getPrescription",
                            "retention_in_days": "14",
                            "tags.%": "0"
                        },
                        "meta": {},
                        "tainted": false
                    },
                    "deposed": [],
                    "provider": "provider.aws"
                },
                "aws_lambda_function.lambda": {
                    "type": "aws_lambda_function",
                    "depends_on": [
                        "aws_cloudwatch_log_group.log_group",
                        "local.lambda_zip_location"
                    ],
                    "primary": {
                        "id": "getPrescription_getPrescription",
                        "attributes": {
                            "arn": "arn:aws:lambda:us-east-1:777573843231:function:getPrescription_getPrescription",
                            "dead_letter_config.#": "0",
                            "description": "",
                            "environment.#": "1",
                            "environment.0.variables.%": "1",
                            "environment.0.variables.table_name": "Prescription",
                            "filename": "/home/raju/lab/homecare/.terraform/modules/23501b70ef222e793138ba6bb780082e/outputs/getPrescription_archieve.zip",
                            "function_name": "getPrescription_getPrescription",
                            "handler": "getPrescription.handler",
                            "id": "getPrescription_getPrescription",
                            "invoke_arn": "arn:aws:apigateway:us-east-1:lambda:path/2015-03-31/functions/arn:aws:lambda:us-east-1:777573843231:function:getPrescription_getPrescription/invocations",
                            "kms_key_arn": "",
                            "last_modified": "2020-04-08T17:46:29.035+0000",
                            "layers.#": "0",
                            "memory_size": "128",
                            "publish": "false",
                            "qualified_arn": "arn:aws:lambda:us-east-1:777573843231:function:getPrescription_getPrescription:$LATEST",
                            "reserved_concurrent_executions": "-1",
                            "role": "arn:aws:iam::777573843231:role/lambda_assume_role",
                            "runtime": "nodejs10.x",
                            "source_code_hash": "39tT3kL6tdKn3xDto5Iz1H4AWUmTTw1ThwGikW7zoec=",
                            "source_code_size": "354",
                            "tags.%": "0",
                            "timeout": "3",
                            "tracing_config.#": "1",
                            "tracing_config.0.mode": "PassThrough",
                            "version": "$LATEST",
                            "vpc_config.#": "0"
                        },
                        "meta": {
                            "e2bfb730-ecaa-11e6-8f88-34363bc7c4c0": {
                                "create": 600000000000
                            }
                        },
                        "tainted": false
                    },
                    "deposed": [],
                    "provider": "provider.aws"
                },
                "data.archive_file.zip_data": {
                    "type": "archive_file",
                    "depends_on": [
                        "local.lambda_zip_location"
                    ],
                    "primary": {
                        "id": "1d06a415712c4719dff18bb9ce596bd613080357",
                        "attributes": {
                            "id": "1d06a415712c4719dff18bb9ce596bd613080357",
                            "output_base64sha256": "39tT3kL6tdKn3xDto5Iz1H4AWUmTTw1ThwGikW7zoec=",
                            "output_md5": "5ffa338e9b624b63e50e32b1d9e29b60",
                            "output_path": "/home/raju/lab/homecare/.terraform/modules/23501b70ef222e793138ba6bb780082e/outputs/getPrescription_archieve.zip",
                            "output_sha": "1d06a415712c4719dff18bb9ce596bd613080357",
                            "output_size": "354",
                            "source.#": "0",
                            "source_file": "./src/prescriptions/getPrescription.js",
                            "type": "zip"
                        },
                        "meta": {},
                        "tainted": false
                    },
                    "deposed": [],
                    "provider": "provider.archive"
                }
            },
            "depends_on": []
        },
        {
            "path": [
                "root",
                "prescriptions_post"
            ],
            "outputs": {
                "function_name": {
                    "sensitive": false,
                    "type": "string",
                    "value": "postPrescription_postPrescription"
                }
            },
            "resources": {
                "aws_cloudwatch_log_group.log_group": {
                    "type": "aws_cloudwatch_log_group",
                    "depends_on": [],
                    "primary": {
                        "id": "/aws/lambda/postPrescription",
                        "attributes": {
                            "arn": "arn:aws:logs:us-east-1:777573843231:log-group:/aws/lambda/postPrescription:*",
                            "id": "/aws/lambda/postPrescription",
                            "kms_key_id": "",
                            "name": "/aws/lambda/postPrescription",
                            "retention_in_days": "14",
                            "tags.%": "0"
                        },
                        "meta": {},
                        "tainted": false
                    },
                    "deposed": [],
                    "provider": "provider.aws"
                },
                "aws_lambda_function.lambda": {
                    "type": "aws_lambda_function",
                    "depends_on": [
                        "aws_cloudwatch_log_group.log_group",
                        "local.lambda_zip_location"
                    ],
                    "primary": {
                        "id": "postPrescription_postPrescription",
                        "attributes": {
                            "arn": "arn:aws:lambda:us-east-1:777573843231:function:postPrescription_postPrescription",
                            "dead_letter_config.#": "0",
                            "description": "",
                            "environment.#": "1",
                            "environment.0.variables.%": "1",
                            "environment.0.variables.table_name": "Prescription",
                            "filename": "/home/raju/lab/homecare/.terraform/modules/9b4d9a607cad569d16065fe53a9fcc0e/outputs/postPrescription_archieve.zip",
                            "function_name": "postPrescription_postPrescription",
                            "handler": "postPrescription.handler",
                            "id": "postPrescription_postPrescription",
                            "invoke_arn": "arn:aws:apigateway:us-east-1:lambda:path/2015-03-31/functions/arn:aws:lambda:us-east-1:777573843231:function:postPrescription_postPrescription/invocations",
                            "kms_key_arn": "",
                            "last_modified": "2020-04-08T17:46:22.210+0000",
                            "layers.#": "0",
                            "memory_size": "128",
                            "publish": "false",
                            "qualified_arn": "arn:aws:lambda:us-east-1:777573843231:function:postPrescription_postPrescription:$LATEST",
                            "reserved_concurrent_executions": "-1",
                            "role": "arn:aws:iam::777573843231:role/lambda_assume_role",
                            "runtime": "nodejs10.x",
                            "source_code_hash": "w6oLaCWoFulzNLOrdOptzxJnHxTuB94Godvxq8rCzFM=",
                            "source_code_size": "356",
                            "tags.%": "0",
                            "timeout": "3",
                            "tracing_config.#": "1",
                            "tracing_config.0.mode": "PassThrough",
                            "version": "$LATEST",
                            "vpc_config.#": "0"
                        },
                        "meta": {
                            "e2bfb730-ecaa-11e6-8f88-34363bc7c4c0": {
                                "create": 600000000000
                            }
                        },
                        "tainted": false
                    },
                    "deposed": [],
                    "provider": "provider.aws"
                },
                "data.archive_file.zip_data": {
                    "type": "archive_file",
                    "depends_on": [
                        "local.lambda_zip_location"
                    ],
                    "primary": {
                        "id": "f4c1f7d7cc6fc63962e7557f2e018a6a6491a968",
                        "attributes": {
                            "id": "f4c1f7d7cc6fc63962e7557f2e018a6a6491a968",
                            "output_base64sha256": "w6oLaCWoFulzNLOrdOptzxJnHxTuB94Godvxq8rCzFM=",
                            "output_md5": "1bb123dd61d2cfc3d0b082678b4ec484",
                            "output_path": "/home/raju/lab/homecare/.terraform/modules/9b4d9a607cad569d16065fe53a9fcc0e/outputs/postPrescription_archieve.zip",
                            "output_sha": "f4c1f7d7cc6fc63962e7557f2e018a6a6491a968",
                            "output_size": "356",
                            "source.#": "0",
                            "source_file": "./src/prescriptions/postPrescription.js",
                            "type": "zip"
                        },
                        "meta": {},
                        "tainted": false
                    },
                    "deposed": [],
                    "provider": "provider.archive"
                }
            },
            "depends_on": []
        },
        {
            "path": [
                "root",
                "user_profile"
            ],
            "outputs": {
                "function_name": {
                    "sensitive": false,
                    "type": "string",
                    "value": "userInfo_userInfo"
                }
            },
            "resources": {
                "aws_cloudwatch_log_group.log_group": {
                    "type": "aws_cloudwatch_log_group",
                    "depends_on": [],
                    "primary": {
                        "id": "/aws/lambda/userInfo",
                        "attributes": {
                            "arn": "arn:aws:logs:us-east-1:777573843231:log-group:/aws/lambda/userInfo:*",
                            "id": "/aws/lambda/userInfo",
                            "kms_key_id": "",
                            "name": "/aws/lambda/userInfo",
                            "retention_in_days": "14",
                            "tags.%": "0"
                        },
                        "meta": {},
                        "tainted": false
                    },
                    "deposed": [],
                    "provider": "provider.aws"
                },
                "aws_lambda_function.lambda": {
                    "type": "aws_lambda_function",
                    "depends_on": [
                        "aws_cloudwatch_log_group.log_group",
                        "local.lambda_zip_location"
                    ],
                    "primary": {
                        "id": "userInfo_userInfo",
                        "attributes": {
                            "arn": "arn:aws:lambda:us-east-1:777573843231:function:userInfo_userInfo",
                            "dead_letter_config.#": "0",
                            "description": "",
                            "environment.#": "1",
                            "environment.0.variables.%": "1",
                            "environment.0.variables.table_name": "User",
                            "filename": "/home/raju/lab/homecare/.terraform/modules/99c486dee0ed140d9cfb521dfdfa5c97/outputs/userInfo_archieve.zip",
                            "function_name": "userInfo_userInfo",
                            "handler": "userInfo.handler",
                            "id": "userInfo_userInfo",
                            "invoke_arn": "arn:aws:apigateway:us-east-1:lambda:path/2015-03-31/functions/arn:aws:lambda:us-east-1:777573843231:function:userInfo_userInfo/invocations",
                            "kms_key_arn": "",
                            "last_modified": "2020-04-08T14:23:11.396+0000",
                            "layers.#": "0",
                            "memory_size": "128",
                            "publish": "false",
                            "qualified_arn": "arn:aws:lambda:us-east-1:777573843231:function:userInfo_userInfo:$LATEST",
                            "reserved_concurrent_executions": "-1",
                            "role": "arn:aws:iam::777573843231:role/lambda_assume_role",
                            "runtime": "nodejs10.x",
                            "source_code_hash": "80LP7GC2bv9iB7kmCNvZdVOT1DJ/3TyKuvZn59leEmk=",
                            "source_code_size": "340",
                            "tags.%": "0",
                            "timeout": "3",
                            "tracing_config.#": "1",
                            "tracing_config.0.mode": "PassThrough",
                            "version": "$LATEST",
                            "vpc_config.#": "0"
                        },
                        "meta": {
                            "e2bfb730-ecaa-11e6-8f88-34363bc7c4c0": {
                                "create": 600000000000
                            }
                        },
                        "tainted": false
                    },
                    "deposed": [],
                    "provider": "provider.aws"
                },
                "data.archive_file.zip_data": {
                    "type": "archive_file",
                    "depends_on": [
                        "local.lambda_zip_location"
                    ],
                    "primary": {
                        "id": "73e0deac4fb1e79beb5c6c9a41d8644cb4437a64",
                        "attributes": {
                            "id": "73e0deac4fb1e79beb5c6c9a41d8644cb4437a64",
                            "output_base64sha256": "80LP7GC2bv9iB7kmCNvZdVOT1DJ/3TyKuvZn59leEmk=",
                            "output_md5": "89c3926a91dbadfc30abe3289e7459d5",
                            "output_path": "/home/raju/lab/homecare/.terraform/modules/99c486dee0ed140d9cfb521dfdfa5c97/outputs/userInfo_archieve.zip",
                            "output_sha": "73e0deac4fb1e79beb5c6c9a41d8644cb4437a64",
                            "output_size": "340",
                            "source.#": "0",
                            "source_file": "./src/users/userInfo.js",
                            "type": "zip"
                        },
                        "meta": {},
                        "tainted": false
                    },
                    "deposed": [],
                    "provider": "provider.archive"
                }
            },
            "depends_on": []
        },
        {
            "path": [
                "root",
                "user_profile_post"
            ],
            "outputs": {
                "function_name": {
                    "sensitive": false,
                    "type": "string",
                    "value": "postUserInfo_postUserInfo"
                }
            },
            "resources": {
                "aws_cloudwatch_log_group.log_group": {
                    "type": "aws_cloudwatch_log_group",
                    "depends_on": [],
                    "primary": {
                        "id": "/aws/lambda/postUserInfo",
                        "attributes": {
                            "arn": "arn:aws:logs:us-east-1:777573843231:log-group:/aws/lambda/postUserInfo:*",
                            "id": "/aws/lambda/postUserInfo",
                            "kms_key_id": "",
                            "name": "/aws/lambda/postUserInfo",
                            "retention_in_days": "14",
                            "tags.%": "0"
                        },
                        "meta": {},
                        "tainted": false
                    },
                    "deposed": [],
                    "provider": "provider.aws"
                },
                "aws_lambda_function.lambda": {
                    "type": "aws_lambda_function",
                    "depends_on": [
                        "aws_cloudwatch_log_group.log_group",
                        "local.lambda_zip_location"
                    ],
                    "primary": {
                        "id": "postUserInfo_postUserInfo",
                        "attributes": {
                            "arn": "arn:aws:lambda:us-east-1:777573843231:function:postUserInfo_postUserInfo",
                            "dead_letter_config.#": "0",
                            "description": "",
                            "environment.#": "1",
                            "environment.0.variables.%": "1",
                            "environment.0.variables.table_name": "User",
                            "filename": "/home/raju/lab/homecare/.terraform/modules/58f5850aca70ce88d3cf10ee4f565077/outputs/postUserInfo_archieve.zip",
                            "function_name": "postUserInfo_postUserInfo",
                            "handler": "postUserInfo.handler",
                            "id": "postUserInfo_postUserInfo",
                            "invoke_arn": "arn:aws:apigateway:us-east-1:lambda:path/2015-03-31/functions/arn:aws:lambda:us-east-1:777573843231:function:postUserInfo_postUserInfo/invocations",
                            "kms_key_arn": "",
                            "last_modified": "2020-04-08T14:23:18.221+0000",
                            "layers.#": "0",
                            "memory_size": "128",
                            "publish": "false",
                            "qualified_arn": "arn:aws:lambda:us-east-1:777573843231:function:postUserInfo_postUserInfo:$LATEST",
                            "reserved_concurrent_executions": "-1",
                            "role": "arn:aws:iam::777573843231:role/lambda_assume_role",
                            "runtime": "nodejs10.x",
                            "source_code_hash": "Aomams+BGDnDyk64h8Itg057MsupM9ER5IKAOirY/Mo=",
                            "source_code_size": "348",
                            "tags.%": "0",
                            "timeout": "3",
                            "tracing_config.#": "1",
                            "tracing_config.0.mode": "PassThrough",
                            "version": "$LATEST",
                            "vpc_config.#": "0"
                        },
                        "meta": {
                            "e2bfb730-ecaa-11e6-8f88-34363bc7c4c0": {
                                "create": 600000000000
                            }
                        },
                        "tainted": false
                    },
                    "deposed": [],
                    "provider": "provider.aws"
                },
                "data.archive_file.zip_data": {
                    "type": "archive_file",
                    "depends_on": [
                        "local.lambda_zip_location"
                    ],
                    "primary": {
                        "id": "d587b9b05c2f42a42dc9f383af2cd1cf757ca7e1",
                        "attributes": {
                            "id": "d587b9b05c2f42a42dc9f383af2cd1cf757ca7e1",
                            "output_base64sha256": "Aomams+BGDnDyk64h8Itg057MsupM9ER5IKAOirY/Mo=",
                            "output_md5": "df64f404551b9a93961843a62d0a511d",
                            "output_path": "/home/raju/lab/homecare/.terraform/modules/58f5850aca70ce88d3cf10ee4f565077/outputs/postUserInfo_archieve.zip",
                            "output_sha": "d587b9b05c2f42a42dc9f383af2cd1cf757ca7e1",
                            "output_size": "348",
                            "source.#": "0",
                            "source_file": "./src/users/postUserInfo.js",
                            "type": "zip"
                        },
                        "meta": {},
                        "tainted": false
                    },
                    "deposed": [],
                    "provider": "provider.archive"
                }
            },
            "depends_on": []
        },
        {
            "path": [
                "root",
                "vitals_get"
            ],
            "outputs": {
                "function_name": {
                    "sensitive": false,
                    "type": "string",
                    "value": "getVitals_getVitals"
                }
            },
            "resources": {
                "aws_cloudwatch_log_group.log_group": {
                    "type": "aws_cloudwatch_log_group",
                    "depends_on": [],
                    "primary": {
                        "id": "/aws/lambda/getVitals",
                        "attributes": {
                            "arn": "arn:aws:logs:us-east-1:777573843231:log-group:/aws/lambda/getVitals:*",
                            "id": "/aws/lambda/getVitals",
                            "kms_key_id": "",
                            "name": "/aws/lambda/getVitals",
                            "retention_in_days": "14",
                            "tags.%": "0"
                        },
                        "meta": {},
                        "tainted": false
                    },
                    "deposed": [],
                    "provider": "provider.aws"
                },
                "aws_lambda_function.lambda": {
                    "type": "aws_lambda_function",
                    "depends_on": [
                        "aws_cloudwatch_log_group.log_group",
                        "local.lambda_zip_location"
                    ],
                    "primary": {
                        "id": "getVitals_getVitals",
                        "attributes": {
                            "arn": "arn:aws:lambda:us-east-1:777573843231:function:getVitals_getVitals",
                            "dead_letter_config.#": "0",
                            "description": "",
                            "environment.#": "1",
                            "environment.0.variables.%": "1",
                            "environment.0.variables.table_name": "Vital",
                            "filename": "/home/raju/lab/homecare/.terraform/modules/485dccfa483907b1ecf141fda551913f/outputs/getVitals_archieve.zip",
                            "function_name": "getVitals_getVitals",
                            "handler": "getVitals.handler",
                            "id": "getVitals_getVitals",
                            "invoke_arn": "arn:aws:apigateway:us-east-1:lambda:path/2015-03-31/functions/arn:aws:lambda:us-east-1:777573843231:function:getVitals_getVitals/invocations",
                            "kms_key_arn": "",
                            "last_modified": "2020-04-08T17:46:36.761+0000",
                            "layers.#": "0",
                            "memory_size": "128",
                            "publish": "false",
                            "qualified_arn": "arn:aws:lambda:us-east-1:777573843231:function:getVitals_getVitals:$LATEST",
                            "reserved_concurrent_executions": "-1",
                            "role": "arn:aws:iam::777573843231:role/lambda_assume_role",
                            "runtime": "nodejs10.x",
                            "source_code_hash": "MOa3PHjqI24cUWHKscdRGdZwTGGtwsMyEqUqBXPNYEo=",
                            "source_code_size": "351",
                            "tags.%": "0",
                            "timeout": "3",
                            "tracing_config.#": "1",
                            "tracing_config.0.mode": "PassThrough",
                            "version": "$LATEST",
                            "vpc_config.#": "0"
                        },
                        "meta": {
                            "e2bfb730-ecaa-11e6-8f88-34363bc7c4c0": {
                                "create": 600000000000
                            }
                        },
                        "tainted": false
                    },
                    "deposed": [],
                    "provider": "provider.aws"
                },
                "data.archive_file.zip_data": {
                    "type": "archive_file",
                    "depends_on": [
                        "local.lambda_zip_location"
                    ],
                    "primary": {
                        "id": "7d3c44c5b8a80a5074db378a3b0e6f9f9abad0e7",
                        "attributes": {
                            "id": "7d3c44c5b8a80a5074db378a3b0e6f9f9abad0e7",
                            "output_base64sha256": "MOa3PHjqI24cUWHKscdRGdZwTGGtwsMyEqUqBXPNYEo=",
                            "output_md5": "71d553b3be08909e5a8568a93edf33cd",
                            "output_path": "/home/raju/lab/homecare/.terraform/modules/485dccfa483907b1ecf141fda551913f/outputs/getVitals_archieve.zip",
                            "output_sha": "7d3c44c5b8a80a5074db378a3b0e6f9f9abad0e7",
                            "output_size": "351",
                            "source.#": "0",
                            "source_file": "./src/vitals/getVitals.js",
                            "type": "zip"
                        },
                        "meta": {},
                        "tainted": false
                    },
                    "deposed": [],
                    "provider": "provider.archive"
                }
            },
            "depends_on": []
        },
        {
            "path": [
                "root",
                "vitals_post"
            ],
            "outputs": {
                "function_name": {
                    "sensitive": false,
                    "type": "string",
                    "value": "postVitals_postVItals"
                }
            },
            "resources": {
                "aws_cloudwatch_log_group.log_group": {
                    "type": "aws_cloudwatch_log_group",
                    "depends_on": [],
                    "primary": {
                        "id": "/aws/lambda/postVitals",
                        "attributes": {
                            "arn": "arn:aws:logs:us-east-1:777573843231:log-group:/aws/lambda/postVitals:*",
                            "id": "/aws/lambda/postVitals",
                            "kms_key_id": "",
                            "name": "/aws/lambda/postVitals",
                            "retention_in_days": "14",
                            "tags.%": "0"
                        },
                        "meta": {},
                        "tainted": false
                    },
                    "deposed": [],
                    "provider": "provider.aws"
                },
                "aws_lambda_function.lambda": {
                    "type": "aws_lambda_function",
                    "depends_on": [
                        "aws_cloudwatch_log_group.log_group",
                        "local.lambda_zip_location"
                    ],
                    "primary": {
                        "id": "postVitals_postVItals",
                        "attributes": {
                            "arn": "arn:aws:lambda:us-east-1:777573843231:function:postVitals_postVItals",
                            "dead_letter_config.#": "0",
                            "description": "",
                            "environment.#": "1",
                            "environment.0.variables.%": "1",
                            "environment.0.variables.table_name": "Vital",
                            "filename": "/home/raju/lab/homecare/.terraform/modules/b044a517ab217fa083a82d598b213b46/outputs/postVitals_archieve.zip",
                            "function_name": "postVitals_postVItals",
                            "handler": "postVitals.handler",
                            "id": "postVitals_postVItals",
                            "invoke_arn": "arn:aws:apigateway:us-east-1:lambda:path/2015-03-31/functions/arn:aws:lambda:us-east-1:777573843231:function:postVitals_postVItals/invocations",
                            "kms_key_arn": "",
                            "last_modified": "2020-04-08T17:46:15.688+0000",
                            "layers.#": "0",
                            "memory_size": "128",
                            "publish": "false",
                            "qualified_arn": "arn:aws:lambda:us-east-1:777573843231:function:postVitals_postVItals:$LATEST",
                            "reserved_concurrent_executions": "-1",
                            "role": "arn:aws:iam::777573843231:role/lambda_assume_role",
                            "runtime": "nodejs10.x",
                            "source_code_hash": "oaNSDe7bbIUwtOU7ijvu5WDHlnaNKQgUiaOaSNEU8YI=",
                            "source_code_size": "353",
                            "tags.%": "0",
                            "timeout": "3",
                            "tracing_config.#": "1",
                            "tracing_config.0.mode": "PassThrough",
                            "version": "$LATEST",
                            "vpc_config.#": "0"
                        },
                        "meta": {
                            "e2bfb730-ecaa-11e6-8f88-34363bc7c4c0": {
                                "create": 600000000000
                            }
                        },
                        "tainted": false
                    },
                    "deposed": [],
                    "provider": "provider.aws"
                },
                "data.archive_file.zip_data": {
                    "type": "archive_file",
                    "depends_on": [
                        "local.lambda_zip_location"
                    ],
                    "primary": {
                        "id": "e449c24391b34f743e3e4732d842cdbc26e5202a",
                        "attributes": {
                            "id": "e449c24391b34f743e3e4732d842cdbc26e5202a",
                            "output_base64sha256": "oaNSDe7bbIUwtOU7ijvu5WDHlnaNKQgUiaOaSNEU8YI=",
                            "output_md5": "932f360572ad207e27542280e9c373f0",
                            "output_path": "/home/raju/lab/homecare/.terraform/modules/b044a517ab217fa083a82d598b213b46/outputs/postVitals_archieve.zip",
                            "output_sha": "e449c24391b34f743e3e4732d842cdbc26e5202a",
                            "output_size": "353",
                            "source.#": "0",
                            "source_file": "./src/vitals/postVitals.js",
                            "type": "zip"
                        },
                        "meta": {},
                        "tainted": false
                    },
                    "deposed": [],
                    "provider": "provider.archive"
                }
            },
            "depends_on": []
        },
        {
            "path": [
                "root",
                "vitals_put"
            ],
            "outputs": {
                "function_name": {
                    "sensitive": false,
                    "type": "string",
                    "value": "putVitals_putVitals"
                }
            },
            "resources": {
                "aws_cloudwatch_log_group.log_group": {
                    "type": "aws_cloudwatch_log_group",
                    "depends_on": [],
                    "primary": {
                        "id": "/aws/lambda/putVitals",
                        "attributes": {
                            "arn": "arn:aws:logs:us-east-1:777573843231:log-group:/aws/lambda/putVitals:*",
                            "id": "/aws/lambda/putVitals",
                            "kms_key_id": "",
                            "name": "/aws/lambda/putVitals",
                            "retention_in_days": "14",
                            "tags.%": "0"
                        },
                        "meta": {},
                        "tainted": false
                    },
                    "deposed": [],
                    "provider": "provider.aws"
                },
                "aws_lambda_function.lambda": {
                    "type": "aws_lambda_function",
                    "depends_on": [
                        "aws_cloudwatch_log_group.log_group",
                        "local.lambda_zip_location"
                    ],
                    "primary": {
                        "id": "putVitals_putVitals",
                        "attributes": {
                            "arn": "arn:aws:lambda:us-east-1:777573843231:function:putVitals_putVitals",
                            "dead_letter_config.#": "0",
                            "description": "",
                            "environment.#": "1",
                            "environment.0.variables.%": "1",
                            "environment.0.variables.table_name": "Vital",
                            "filename": "/home/raju/lab/homecare/.terraform/modules/eacefbd624f02b9cc89dfb131189c85a/outputs/putVitals_archieve.zip",
                            "function_name": "putVitals_putVitals",
                            "handler": "putVitals.handler",
                            "id": "putVitals_putVitals",
                            "invoke_arn": "arn:aws:apigateway:us-east-1:lambda:path/2015-03-31/functions/arn:aws:lambda:us-east-1:777573843231:function:putVitals_putVitals/invocations",
                            "kms_key_arn": "",
                            "last_modified": "2020-04-08T17:46:08.876+0000",
                            "layers.#": "0",
                            "memory_size": "128",
                            "publish": "false",
                            "qualified_arn": "arn:aws:lambda:us-east-1:777573843231:function:putVitals_putVitals:$LATEST",
                            "reserved_concurrent_executions": "-1",
                            "role": "arn:aws:iam::777573843231:role/lambda_assume_role",
                            "runtime": "nodejs10.x",
                            "source_code_hash": "6jp8G+jt/EvjNQ2k0y3FaDZnLbiJWYwmUEhmwVL+Pv0=",
                            "source_code_size": "351",
                            "tags.%": "0",
                            "timeout": "3",
                            "tracing_config.#": "1",
                            "tracing_config.0.mode": "PassThrough",
                            "version": "$LATEST",
                            "vpc_config.#": "0"
                        },
                        "meta": {
                            "e2bfb730-ecaa-11e6-8f88-34363bc7c4c0": {
                                "create": 600000000000
                            }
                        },
                        "tainted": false
                    },
                    "deposed": [],
                    "provider": "provider.aws"
                },
                "data.archive_file.zip_data": {
                    "type": "archive_file",
                    "depends_on": [
                        "local.lambda_zip_location"
                    ],
                    "primary": {
                        "id": "55a26face35310ed0172a00f137ea0a133b25d85",
                        "attributes": {
                            "id": "55a26face35310ed0172a00f137ea0a133b25d85",
                            "output_base64sha256": "6jp8G+jt/EvjNQ2k0y3FaDZnLbiJWYwmUEhmwVL+Pv0=",
                            "output_md5": "c26277fac1f22bc6527d768eca308ad7",
                            "output_path": "/home/raju/lab/homecare/.terraform/modules/eacefbd624f02b9cc89dfb131189c85a/outputs/putVitals_archieve.zip",
                            "output_sha": "55a26face35310ed0172a00f137ea0a133b25d85",
                            "output_size": "351",
                            "source.#": "0",
                            "source_file": "./src/vitals/putVitals.js",
                            "type": "zip"
                        },
                        "meta": {},
                        "tainted": false
                    },
                    "deposed": [],
                    "provider": "provider.archive"
                }
            },
            "depends_on": []
        }
    ]
}
